Microsoft Visual Studio Solution File, Format Version 12.00
# Visual Studio Version 17
VisualStudioVersion = 17.5.2.0
MinimumVisualStudioVersion = 10.0.40219.1
Project("{FAE04EC0-301F-11D3-BF4B-00C04F79EFBC}") = "SponsorshipApproval.Api", "SponsorshipApproval.Api.csproj", "{97217988-EA8A-71C3-B5D6-FF35BDD42294}"
EndProject
Global
	GlobalSection(SolutionConfigurationPlatforms) = preSolution
		Debug|Any CPU = Debug|Any CPU
		Release|Any CPU = Release|Any CPU
	EndGlobalSection
	GlobalSection(ProjectConfigurationPlatforms) = postSolution
		{97217988-EA8A-71C3-B5D6-FF35BDD42294}.Debug|Any CPU.ActiveCfg = Debug|Any CPU
		{97217988-EA8A-71C3-B5D6-FF35BDD42294}.Debug|Any CPU.Build.0 = Debug|Any CPU
		{97217988-EA8A-71C3-B5D6-FF35BDD42294}.Release|Any CPU.ActiveCfg = Release|Any CPU
		{97217988-EA8A-71C3-B5D6-FF35BDD42294}.Release|Any CPU.Build.0 = Release|Any CPU
	EndGlobalSection
	GlobalSection(SolutionProperties) = preSolution
		HideSolutionNode = FALSE
	EndGlobalSection
	GlobalSection(ExtensibilityGlobals) = postSolution
		SolutionGuid = {7817146A-0197-4387-957A-4B2F3646BD1F}
	EndGlobalSection
EndGlobal
